<?xml version="1.0" encoding="utf-8"?>
<Project ToolsVersion="17.0" xmlns="http://schemas.microsoft.com/developer/msbuild/2003">
  <ItemGroup>
    <CustomBuild Include="E:\Study\Разработка\Engine\build2\CMakeFiles\db3fd6b411645c5b416622a4bd93b173\update_mappings.rule">
      <Filter>CMake Rules</Filter>
    </CustomBuild>
    <CustomBuild Include="E:\Study\Разработка\Engine\external_lib\glfw\src\CMakeLists.txt" />
  </ItemGroup>
  <ItemGroup>
    <None Include="E:\Study\Разработка\Engine\external_lib\glfw\src\mappings.h.in">
      <Filter>Header Files</Filter>
    </None>
    <None Include="E:\Study\Разработка\Engine\external_lib\glfw\CMake\GenerateMappings.cmake" />
    <None Include="E:\Study\Разработка\Engine\build2\external_lib\glfw\src\CMakeFiles\update_mappings" />
  </ItemGroup>
  <ItemGroup>
    <Filter Include="CMake Rules">
      <UniqueIdentifier>{6A016639-D5C3-3AD6-9F4A-546F719BC31F}</UniqueIdentifier>
    </Filter>
    <Filter Include="Header Files">
      <UniqueIdentifier>{E9837012-F759-3B3F-9893-9F140F8DA7F6}</UniqueIdentifier>
    </Filter>
  </ItemGroup>
</Project>
