
Microsoft Visual Studio Solution File, Format Version 12.00
# Visual Studio Version 17
Project("{2150E333-8FDC-42A3-9474-1A3956D46DE8}") = "CMakePredefinedTargets", "CMakePredefinedTargets", "{20C457C6-3AB2-39CF-A456-2E48C9D200D1}"
EndProject
Project("{2150E333-8FDC-42A3-9474-1A3956D46DE8}") = "GLFW3", "GLFW3", "{96272132-FC8C-38D5-B7F7-36D6AA021085}"
EndProject
Project("{8BC9CEB8-8B4A-11D0-8D11-00A0C91BC942}") = "ALL_BUILD", "ALL_BUILD.vcxproj", "{52ECBEBF-1408-3B2A-901F-453498C76641}"
	ProjectSection(ProjectDependencies) = postProject
		{8A66F644-586E-3FCC-B41B-B0B47F19D345} = {8A66F644-586E-3FCC-B41B-B0B47F19D345}
		{B79C0799-DE54-3097-99A0-378BBE32F26E} = {B79C0799-DE54-3097-99A0-378BBE32F26E}
		{72C573FF-1E54-3DA8-9E90-38CDDA427D4A} = {72C573FF-1E54-3DA8-9E90-38CDDA427D4A}
	EndProjectSection
EndProject
Project("{8BC9CEB8-8B4A-11D0-8D11-00A0C91BC942}") = "BattleCity", "BattleCity.vcxproj", "{8A66F644-586E-3FCC-B41B-B0B47F19D345}"
	ProjectSection(ProjectDependencies) = postProject
		{B79C0799-DE54-3097-99A0-378BBE32F26E} = {B79C0799-DE54-3097-99A0-378BBE32F26E}
		{72C573FF-1E54-3DA8-9E90-38CDDA427D4A} = {72C573FF-1E54-3DA8-9E90-38CDDA427D4A}
	EndProjectSection
EndProject
Project("{8BC9CEB8-8B4A-11D0-8D11-00A0C91BC942}") = "ZERO_CHECK", "ZERO_CHECK.vcxproj", "{B79C0799-DE54-3097-99A0-378BBE32F26E}"
	ProjectSection(ProjectDependencies) = postProject
	EndProjectSection
EndProject
Project("{8BC9CEB8-8B4A-11D0-8D11-00A0C91BC942}") = "glfw", "external_lib\glfw\src\glfw.vcxproj", "{72C573FF-1E54-3DA8-9E90-38CDDA427D4A}"
	ProjectSection(ProjectDependencies) = postProject
		{B79C0799-DE54-3097-99A0-378BBE32F26E} = {B79C0799-DE54-3097-99A0-378BBE32F26E}
	EndProjectSection
EndProject
Project("{8BC9CEB8-8B4A-11D0-8D11-00A0C91BC942}") = "update_mappings", "external_lib\glfw\src\update_mappings.vcxproj", "{9202E623-D994-3B1A-9AD0-62F63779297D}"
	ProjectSection(ProjectDependencies) = postProject
		{B79C0799-DE54-3097-99A0-378BBE32F26E} = {B79C0799-DE54-3097-99A0-378BBE32F26E}
	EndProjectSection
EndProject
Global
	GlobalSection(SolutionConfigurationPlatforms) = preSolution
		Debug|x64 = Debug|x64
		Release|x64 = Release|x64
		MinSizeRel|x64 = MinSizeRel|x64
		RelWithDebInfo|x64 = RelWithDebInfo|x64
	EndGlobalSection
	GlobalSection(ProjectConfigurationPlatforms) = postSolution
		{52ECBEBF-1408-3B2A-901F-453498C76641}.Debug|x64.ActiveCfg = Debug|x64
		{52ECBEBF-1408-3B2A-901F-453498C76641}.Release|x64.ActiveCfg = Release|x64
		{52ECBEBF-1408-3B2A-901F-453498C76641}.MinSizeRel|x64.ActiveCfg = MinSizeRel|x64
		{52ECBEBF-1408-3B2A-901F-453498C76641}.RelWithDebInfo|x64.ActiveCfg = RelWithDebInfo|x64
		{8A66F644-586E-3FCC-B41B-B0B47F19D345}.Debug|x64.ActiveCfg = Debug|x64
		{8A66F644-586E-3FCC-B41B-B0B47F19D345}.Debug|x64.Build.0 = Debug|x64
		{8A66F644-586E-3FCC-B41B-B0B47F19D345}.Release|x64.ActiveCfg = Release|x64
		{8A66F644-586E-3FCC-B41B-B0B47F19D345}.Release|x64.Build.0 = Release|x64
		{8A66F644-586E-3FCC-B41B-B0B47F19D345}.MinSizeRel|x64.ActiveCfg = MinSizeRel|x64
		{8A66F644-586E-3FCC-B41B-B0B47F19D345}.MinSizeRel|x64.Build.0 = MinSizeRel|x64
		{8A66F644-586E-3FCC-B41B-B0B47F19D345}.RelWithDebInfo|x64.ActiveCfg = RelWithDebInfo|x64
		{8A66F644-586E-3FCC-B41B-B0B47F19D345}.RelWithDebInfo|x64.Build.0 = RelWithDebInfo|x64
		{B79C0799-DE54-3097-99A0-378BBE32F26E}.Debug|x64.ActiveCfg = Debug|x64
		{B79C0799-DE54-3097-99A0-378BBE32F26E}.Debug|x64.Build.0 = Debug|x64
		{B79C0799-DE54-3097-99A0-378BBE32F26E}.Release|x64.ActiveCfg = Release|x64
		{B79C0799-DE54-3097-99A0-378BBE32F26E}.Release|x64.Build.0 = Release|x64
		{B79C0799-DE54-3097-99A0-378BBE32F26E}.MinSizeRel|x64.ActiveCfg = MinSizeRel|x64
		{B79C0799-DE54-3097-99A0-378BBE32F26E}.MinSizeRel|x64.Build.0 = MinSizeRel|x64
		{B79C0799-DE54-3097-99A0-378BBE32F26E}.RelWithDebInfo|x64.ActiveCfg = RelWithDebInfo|x64
		{B79C0799-DE54-3097-99A0-378BBE32F26E}.RelWithDebInfo|x64.Build.0 = RelWithDebInfo|x64
		{72C573FF-1E54-3DA8-9E90-38CDDA427D4A}.Debug|x64.ActiveCfg = Debug|x64
		{72C573FF-1E54-3DA8-9E90-38CDDA427D4A}.Debug|x64.Build.0 = Debug|x64
		{72C573FF-1E54-3DA8-9E90-38CDDA427D4A}.Release|x64.ActiveCfg = Release|x64
		{72C573FF-1E54-3DA8-9E90-38CDDA427D4A}.Release|x64.Build.0 = Release|x64
		{72C573FF-1E54-3DA8-9E90-38CDDA427D4A}.MinSizeRel|x64.ActiveCfg = MinSizeRel|x64
		{72C573FF-1E54-3DA8-9E90-38CDDA427D4A}.MinSizeRel|x64.Build.0 = MinSizeRel|x64
		{72C573FF-1E54-3DA8-9E90-38CDDA427D4A}.RelWithDebInfo|x64.ActiveCfg = RelWithDebInfo|x64
		{72C573FF-1E54-3DA8-9E90-38CDDA427D4A}.RelWithDebInfo|x64.Build.0 = RelWithDebInfo|x64
		{9202E623-D994-3B1A-9AD0-62F63779297D}.Debug|x64.ActiveCfg = Debug|x64
		{9202E623-D994-3B1A-9AD0-62F63779297D}.Release|x64.ActiveCfg = Release|x64
		{9202E623-D994-3B1A-9AD0-62F63779297D}.MinSizeRel|x64.ActiveCfg = MinSizeRel|x64
		{9202E623-D994-3B1A-9AD0-62F63779297D}.RelWithDebInfo|x64.ActiveCfg = RelWithDebInfo|x64
	EndGlobalSection
	GlobalSection(NestedProjects) = preSolution
		{52ECBEBF-1408-3B2A-901F-453498C76641} = {20C457C6-3AB2-39CF-A456-2E48C9D200D1}
		{B79C0799-DE54-3097-99A0-378BBE32F26E} = {20C457C6-3AB2-39CF-A456-2E48C9D200D1}
		{72C573FF-1E54-3DA8-9E90-38CDDA427D4A} = {96272132-FC8C-38D5-B7F7-36D6AA021085}
		{9202E623-D994-3B1A-9AD0-62F63779297D} = {96272132-FC8C-38D5-B7F7-36D6AA021085}
	EndGlobalSection
	GlobalSection(ExtensibilityGlobals) = postSolution
		SolutionGuid = {AAA159BE-920A-3699-9B80-8B2771F01301}
	EndGlobalSection
	GlobalSection(ExtensibilityAddIns) = postSolution
	EndGlobalSection
EndGlobal
